
Microsoft Visual Studio Solution File, Format Version 12.00
# Visual Studio Version 17
VisualStudioVersion = 17.0.31903.59
MinimumVisualStudioVersion = 10.0.40219.1
Project("{2150E333-8FDC-42A3-9474-1A3956D46DE8}") = "src", "src", "{B10AE44C-1A93-4093-8AC7-65596070D3B4}"
EndProject
Project("{FAE04EC0-301F-11D3-BF4B-00C04F79EFBC}") = "FolderOrganizer.Core", "src\FolderOrganizer.Core\FolderOrganizer.Core.csproj", "{01DBBBCA-ADEE-497F-B94F-64D97D525A26}"
EndProject
Project("{FAE04EC0-301F-11D3-BF4B-00C04F79EFBC}") = "FolderOrganizer.Shell", "src\FolderOrganizer.Shell\FolderOrganizer.Shell.csproj", "{3EEA3957-0BFE-4D1F-85BA-F4A9FD0AC4AD}"
EndProject
Project("{2150E333-8FDC-42A3-9474-1A3956D46DE8}") = "tests", "tests", "{A7708A86-19EF-4EA4-A074-894208F31A60}"
EndProject
Project("{FAE04EC0-301F-11D3-BF4B-00C04F79EFBC}") = "FolderOrganizer.Core.Tests", "tests\FolderOrganizer.Core.Tests\FolderOrganizer.Core.Tests.csproj", "{2DF2758C-2731-4AEE-8592-F5D24E0220F1}"
EndProject
Project("{FAE04EC0-301F-11D3-BF4B-00C04F79EFBC}") = "FolderOrganizer.App", "src\FolderOrganizer.App\FolderOrganizer.App.csproj", "{EEDA38DD-5FEF-4144-A9AA-049FA53F833C}"
EndProject
Project("{B7DD6F7E-DEF8-4E67-B5B7-07EF123DB6F0}") = "FolderOrganizer.Installer", "src\FolderOrganizer.Installer\FolderOrganizer.Installer.wixproj", "{8FA3C1BA-9A5C-49B8-8622-640B8DA1BAAB}"
EndProject
Global
	GlobalSection(SolutionConfigurationPlatforms) = preSolution
		Debug|Any CPU = Debug|Any CPU
		Release|Any CPU = Release|Any CPU
	EndGlobalSection
	GlobalSection(SolutionProperties) = preSolution
		HideSolutionNode = FALSE
	EndGlobalSection
	GlobalSection(ProjectConfigurationPlatforms) = postSolution
		{01DBBBCA-ADEE-497F-B94F-64D97D525A26}.Debug|Any CPU.ActiveCfg = Debug|Any CPU
		{01DBBBCA-ADEE-497F-B94F-64D97D525A26}.Debug|Any CPU.Build.0 = Debug|Any CPU
		{01DBBBCA-ADEE-497F-B94F-64D97D525A26}.Release|Any CPU.ActiveCfg = Release|Any CPU
		{01DBBBCA-ADEE-497F-B94F-64D97D525A26}.Release|Any CPU.Build.0 = Release|Any CPU
		{3EEA3957-0BFE-4D1F-85BA-F4A9FD0AC4AD}.Debug|Any CPU.ActiveCfg = Debug|x64
		{3EEA3957-0BFE-4D1F-85BA-F4A9FD0AC4AD}.Debug|Any CPU.Build.0 = Debug|x64
		{3EEA3957-0BFE-4D1F-85BA-F4A9FD0AC4AD}.Release|Any CPU.ActiveCfg = Release|x64
		{3EEA3957-0BFE-4D1F-85BA-F4A9FD0AC4AD}.Release|Any CPU.Build.0 = Release|x64
		{2DF2758C-2731-4AEE-8592-F5D24E0220F1}.Debug|Any CPU.ActiveCfg = Debug|Any CPU
		{2DF2758C-2731-4AEE-8592-F5D24E0220F1}.Debug|Any CPU.Build.0 = Debug|Any CPU
		{2DF2758C-2731-4AEE-8592-F5D24E0220F1}.Release|Any CPU.ActiveCfg = Release|Any CPU
		{2DF2758C-2731-4AEE-8592-F5D24E0220F1}.Release|Any CPU.Build.0 = Release|Any CPU
		{EEDA38DD-5FEF-4144-A9AA-049FA53F833C}.Debug|Any CPU.ActiveCfg = Debug|x86
		{EEDA38DD-5FEF-4144-A9AA-049FA53F833C}.Debug|Any CPU.Build.0 = Debug|x86
		{EEDA38DD-5FEF-4144-A9AA-049FA53F833C}.Release|Any CPU.ActiveCfg = Release|x86
		{EEDA38DD-5FEF-4144-A9AA-049FA53F833C}.Release|Any CPU.Build.0 = Release|x86
		{8FA3C1BA-9A5C-49B8-8622-640B8DA1BAAB}.Debug|Any CPU.ActiveCfg = Debug|x64
		{8FA3C1BA-9A5C-49B8-8622-640B8DA1BAAB}.Debug|Any CPU.Build.0 = Debug|x64
		{8FA3C1BA-9A5C-49B8-8622-640B8DA1BAAB}.Release|Any CPU.ActiveCfg = Release|x64
		{8FA3C1BA-9A5C-49B8-8622-640B8DA1BAAB}.Release|Any CPU.Build.0 = Release|x64
	EndGlobalSection
	GlobalSection(NestedProjects) = preSolution
		{01DBBBCA-ADEE-497F-B94F-64D97D525A26} = {B10AE44C-1A93-4093-8AC7-65596070D3B4}
		{3EEA3957-0BFE-4D1F-85BA-F4A9FD0AC4AD} = {B10AE44C-1A93-4093-8AC7-65596070D3B4}
		{2DF2758C-2731-4AEE-8592-F5D24E0220F1} = {A7708A86-19EF-4EA4-A074-894208F31A60}
		{EEDA38DD-5FEF-4144-A9AA-049FA53F833C} = {B10AE44C-1A93-4093-8AC7-65596070D3B4}
		{8FA3C1BA-9A5C-49B8-8622-640B8DA1BAAB} = {B10AE44C-1A93-4093-8AC7-65596070D3B4}
	EndGlobalSection
EndGlobal
